// !$*UTF8*$!
{
	archiveVersion = 1;
	classes = {
	};
	objectVersion = 46;
	objects = {

/* Begin PBXBuildFile section */
		B01FA9501E4ACC8100AF497B /* TableViewController.swift in Sources */ = {isa = PBXBuildFile; fileRef = B01FA94F1E4ACC8100AF497B /* TableViewController.swift */; };
		B0C8DA6C1E4A89A400AC444A /* AppDelegate.swift in Sources */ = {isa = PBXBuildFile; fileRef = B0C8DA6B1E4A89A400AC444A /* AppDelegate.swift */; };
		B0C8DA711E4A89A400AC444A /* Main.storyboard in Resources */ = {isa = PBXBuildFile; fileRef = B0C8DA6F1E4A89A400AC444A /* Main.storyboard */; };
		B0C8DA731E4A89A400AC444A /* Assets.xcassets in Resources */ = {isa = PBXBuildFile; fileRef = B0C8DA721E4A89A400AC444A /* Assets.xcassets */; };
		B0C8DA761E4A89A400AC444A /* LaunchScreen.storyboard in Resources */ = {isa = PBXBuildFile; fileRef = B0C8DA741E4A89A400AC444A /* LaunchScreen.storyboard */; };
		B0C8DA801E4A925600AC444A /* DetailViewController.swift in Sources */ = {isa = PBXBuildFile; fileRef = B0C8DA7F1E4A925600AC444A /* DetailViewController.swift */; };
		B0E3AF8A1E4D2BA200861219 /* AddEntryViewController.swift in Sources */ = {isa = PBXBuildFile; fileRef = B0E3AF891E4D2BA200861219 /* AddEntryViewController.swift */; };
/* End PBXBuildFile section */

/* Begin PBXFileReference section */
		B01FA94F1E4ACC8100AF497B /* TableViewController.swift */ = {isa = PBXFileReference; fileEncoding = 4; lastKnownFileType = sourcecode.swift; path = TableViewController.swift; sourceTree = "<group>"; };
		B0C8DA681E4A89A400AC444A /* MarioLand.app */ = {isa = PBXFileReference; explicitFileType = wrapper.application; includeInIndex = 0; path = MarioLand.app; sourceTree = BUILT_PRODUCTS_DIR; };
		B0C8DA6B1E4A89A400AC444A /* AppDelegate.swift */ = {isa = PBXFileReference; lastKnownFileType = sourcecode.swift; path = AppDelegate.swift; sourceTree = "<group>"; };
		B0C8DA701E4A89A400AC444A /* Base */ = {isa = PBXFileReference; lastKnownFileType = file.storyboard; name = Base; path = Base.lproj/Main.storyboard; sourceTree = "<group>"; };
		B0C8DA721E4A89A400AC444A /* Assets.xcassets */ = {isa = PBXFileReference; lastKnownFileType = folder.assetcatalog; path = Assets.xcassets; sourceTree = "<group>"; };
		B0C8DA751E4A89A400AC444A /* Base */ = {isa = PBXFileReference; lastKnownFileType = file.storyboard; name = Base; path = Base.lproj/LaunchScreen.storyboard; sourceTree = "<group>"; };
		B0C8DA771E4A89A400AC444A /* Info.plist */ = {isa = PBXFileReference; lastKnownFileType = text.plist.xml; path = Info.plist; sourceTree = "<group>"; };
		B0C8DA7F1E4A925600AC444A /* DetailViewController.swift */ = {isa = PBXFileReference; fileEncoding = 4; lastKnownFileType = sourcecode.swift; path = DetailViewController.swift; sourceTree = "<group>"; };
		B0E3AF891E4D2BA200861219 /* AddEntryViewController.swift */ = {isa = PBXFileReference; fileEncoding = 4; lastKnownFileType = sourcecode.swift; path = AddEntryViewController.swift; sourceTree = "<group>"; };
/* End PBXFileReference section */

/* Begin PBXFrameworksBuildPhase section */
		B0C8DA651E4A89A400AC444A /* Frameworks */ = {
			isa = PBXFrameworksBuildPhase;
			buildActionMask = 2147483647;
			files = (
			);
			runOnlyForDeploymentPostprocessing = 0;
		};
/* End PBXFrameworksBuildPhase section */

/* Begin PBXGroup section */
		B0C8DA5F1E4A89A400AC444A = {
			isa = PBXGroup;
			children = (
				B0C8DA6A1E4A89A400AC444A /* MarioLand */,
				B0C8DA691E4A89A400AC444A /* Products */,
			);
			sourceTree = "<group>";
		};
		B0C8DA691E4A89A400AC444A /* Products */ = {
			isa = PBXGroup;
			children = (
				B0C8DA681E4A89A400AC444A /* MarioLand.app */,
			);
			name = Products;
			sourceTree = "<group>";
		};
		B0C8DA6A1E4A89A400AC444A /* MarioLand */ = {
			isa = PBXGroup;
			children = (
				B01FA94F1E4ACC8100AF497B /* TableViewController.swift */,
				B0C8DA7F1E4A925600AC444A /* DetailViewController.swift */,
				B0E3AF891E4D2BA200861219 /* AddEntryViewController.swift */,
				B0C8DA6F1E4A89A400AC444A /* Main.storyboard */,
				B0C8DA6B1E4A89A400AC444A /* AppDelegate.swift */,
				B0C8DA721E4A89A400AC444A /* Assets.xcassets */,
				B0C8DA741E4A89A400AC444A /* LaunchScreen.storyboard */,
				B0C8DA771E4A89A400AC444A /* Info.plist */,
			);
			path = MarioLand;
			sourceTree = "<group>";
		};
/* End PBXGroup section */

/* Begin PBXNativeTarget section */
		B0C8DA671E4A89A400AC444A /* MarioLand */ = {
			isa = PBXNativeTarget;
			buildConfigurationList = B0C8DA7A1E4A89A400AC444A /* Build configuration list for PBXNativeTarget "MarioLand" */;
			buildPhases = (
				B0C8DA641E4A89A400AC444A /* Sources */,
				B0C8DA651E4A89A400AC444A /* Frameworks */,
				B0C8DA661E4A89A400AC444A /* Resources */,
			);
			buildRules = (
			);
			dependencies = (
			);
			name = MarioLand;
			productName = MarioLand;
			productReference = B0C8DA681E4A89A400AC444A /* MarioLand.app */;
			productType = "com.apple.product-type.application";
		};
/* End PBXNativeTarget section */

/* Begin PBXProject section */
		B0C8DA601E4A89A400AC444A /* Project object */ = {
			isa = PBXProject;
			attributes = {
				LastSwiftUpdateCheck = 0820;
				LastUpgradeCheck = 0820;
				ORGANIZATIONNAME = "Gene Lee";
				TargetAttributes = {
					B0C8DA671E4A89A400AC444A = {
						CreatedOnToolsVersion = 8.2.1;
						ProvisioningStyle = Automatic;
					};
				};
			};
			buildConfigurationList = B0C8DA631E4A89A400AC444A /* Build configuration list for PBXProject "MarioLand" */;
			compatibilityVersion = "Xcode 3.2";
			developmentRegion = English;
			hasScannedForEncodings = 0;
			knownRegions = (
				en,
				Base,
			);
			mainGroup = B0C8DA5F1E4A89A400AC444A;
			productRefGroup = B0C8DA691E4A89A400AC444A /* Products */;
			projectDirPath = "";
			projectRoot = "";
			targets = (
				B0C8DA671E4A89A400AC444A /* MarioLand */,
			);
		};
/* End PBXProject section */

/* Begin PBXResourcesBuildPhase section */
		B0C8DA661E4A89A400AC444A /* Resources */ = {
			isa = PBXResourcesBuildPhase;
			buildActionMask = 2147483647;
			files = (
				B0C8DA761E4A89A400AC444A /* LaunchScreen.storyboard in Resources */,
				B0C8DA731E4A89A400AC444A /* Assets.xcassets in Resources */,
				B0C8DA711E4A89A400AC444A /* Main.storyboard in Resources */,
			);
			runOnlyForDeploymentPostprocessing = 0;
		};
/* End PBXResourcesBuildPhase section */

/* Begin PBXSourcesBuildPhase section */
		B0C8DA641E4A89A400AC444A /* Sources */ = {
			isa = PBXSourcesBuildPhase;
			buildActionMask = 2147483647;
			files = (
				B0C8DA801E4A925600AC444A /* DetailViewController.swift in Sources */,
				B0E3AF8A1E4D2BA200861219 /* AddEntryViewController.swift in Sources */,
				B0C8DA6C1E4A89A400AC444A /* AppDelegate.swift in Sources */,
				B01FA9501E4ACC8100AF497B /* TableViewController.swift in Sources */,
			);
			runOnlyForDeploymentPostprocessing = 0;
		};
/* End PBXSourcesBuildPhase section */

/* Begin PBXVariantGroup section */
		B0C8DA6F1E4A89A400AC444A /* Main.storyboard */ = {
			isa = PBXVariantGroup;
			children = (
				B0C8DA701E4A89A400AC444A /* Base */,
			);
			name = Main.storyboard;
			sourceTree = "<group>";
		};
		B0C8DA741E4A89A400AC444A /* LaunchScreen.storyboard */ = {
			isa = PBXVariantGroup;
			children = (
				B0C8DA751E4A89A400AC444A /* Base */,
			);
			name = LaunchScreen.storyboard;
			sourceTree = "<group>";
		};
/* End PBXVariantGroup section */

/* Begin XCBuildConfiguration section */
		B0C8DA781E4A89A400AC444A /* Debug */ = {
			isa = XCBuildConfiguration;
			buildSettings = {
				ALWAYS_SEARCH_USER_PATHS = NO;
				CLANG_ANALYZER_NONNULL = YES;
				CLANG_CXX_LANGUAGE_STANDARD = "gnu++0x";
				CLANG_CXX_LIBRARY = "libc++";
				CLANG_ENABLE_MODULES = YES;
				CLANG_ENABLE_OBJC_ARC = YES;
				CLANG_WARN_BOOL_CONVERSION = YES;
				CLANG_WARN_CONSTANT_CONVERSION = YES;
				CLANG_WARN_DIRECT_OBJC_ISA_USAGE = YES_ERROR;
				CLANG_WARN_DOCUMENTATION_COMMENTS = YES;
				CLANG_WARN_EMPTY_BODY = YES;
				CLANG_WARN_ENUM_CONVERSION = YES;
				CLANG_WARN_INFINITE_RECURSION = YES;
				CLANG_WARN_INT_CONVERSION = YES;
				CLANG_WARN_OBJC_ROOT_CLASS = YES_ERROR;
				CLANG_WARN_SUSPICIOUS_MOVE = YES;
				CLANG_WARN_UNREACHABLE_CODE = YES;
				CLANG_WARN__DUPLICATE_METHOD_MATCH = YES;
				"CODE_SIGN_IDENTITY[sdk=iphoneos*]" = "iPhone Developer";
				COPY_PHASE_STRIP = NO;
				DEBUG_INFORMATION_FORMAT = dwarf;
				ENABLE_STRICT_OBJC_MSGSEND = YES;
				ENABLE_TESTABILITY = YES;
				GCC_C_LANGUAGE_STANDARD = gnu99;
				GCC_DYNAMIC_NO_PIC = NO;
				GCC_NO_COMMON_BLOCKS = YES;
				GCC_OPTIMIZATION_LEVEL = 0;
				GCC_PREPROCESSOR_DEFINITIONS = (
					"DEBUG=1",
					"$(inherited)",
				);
				GCC_WARN_64_TO_32_BIT_CONVERSION = YES;
				GCC_WARN_ABOUT_RETURN_TYPE = YES_ERROR;
				GCC_WARN_UNDECLARED_SELECTOR = YES;
				GCC_WARN_UNINITIALIZED_AUTOS = YES_AGGRESSIVE;
				GCC_WARN_UNUSED_FUNCTION = YES;
				GCC_WARN_UNUSED_VARIABLE = YES;
				IPHONEOS_DEPLOYMENT_TARGET = 10.2;
				MTL_ENABLE_DEBUG_INFO = YES;
				ONLY_ACTIVE_ARCH = YES;
				SDKROOT = iphoneos;
				SWIFT_ACTIVE_COMPILATION_CONDITIONS = DEBUG;
				SWIFT_OPTIMIZATION_LEVEL = "-Onone";
				TARGETED_DEVICE_FAMILY = "1,2";
			};
			name = Debug;
		};
		B0C8DA791E4A89A400AC444A /* Release */ = {
			isa = XCBuildConfiguration;
			buildSettings = {
				ALWAYS_SEARCH_USER_PATHS = NO;
				CLANG_ANALYZER_NONNULL = YES;
				CLANG_CXX_LANGUAGE_STANDARD = "gnu++0x";
				CLANG_CXX_LIBRARY = "libc++";
				CLANG_ENABLE_MODULES = YES;
				CLANG_ENABLE_OBJC_ARC = YES;
				CLANG_WARN_BOOL_CONVERSION = YES;
				CLANG_WARN_CONSTANT_CONVERSION = YES;
				CLANG_WARN_DIRECT_OBJC_ISA_USAGE = YES_ERROR;
				CLANG_WARN_DOCUMENTATION_COMMENTS = YES;
				CLANG_WARN_EMPTY_BODY = YES;
				CLANG_WARN_ENUM_CONVERSION = YES;
				CLANG_WARN_INFINITE_RECURSION = YES;
				CLANG_WARN_INT_CONVERSION = YES;
				CLANG_WARN_OBJC_ROOT_CLASS = YES_ERROR;
				CLANG_WARN_SUSPICIOUS_MOVE = YES;
				CLANG_WARN_UNREACHABLE_CODE = YES;
				CLANG_WARN__DUPLICATE_METHOD_MATCH = YES;
				"CODE_SIGN_IDENTITY[sdk=iphoneos*]" = "iPhone Developer";
				COPY_PHASE_STRIP = NO;
				DEBUG_INFORMATION_FORMAT = "dwarf-with-dsym";
				ENABLE_NS_ASSERTIONS = NO;
				ENABLE_STRICT_OBJC_MSGSEND = YES;
				GCC_C_LANGUAGE_STANDARD = gnu99;
				GCC_NO_COMMON_BLOCKS = YES;
				GCC_WARN_64_TO_32_BIT_CONVERSION = YES;
				GCC_WARN_ABOUT_RETURN_TYPE = YES_ERROR;
				GCC_WARN_UNDECLARED_SELECTOR = YES;
				GCC_WARN_UNINITIALIZED_AUTOS = YES_AGGRESSIVE;
				GCC_WARN_UNUSED_FUNCTION = YES;
				GCC_WARN_UNUSED_VARIABLE = YES;
				IPHONEOS_DEPLOYMENT_TARGET = 10.2;
				MTL_ENABLE_DEBUG_INFO = NO;
				SDKROOT = iphoneos;
				SWIFT_OPTIMIZATION_LEVEL = "-Owholemodule";
				TARGETED_DEVICE_FAMILY = "1,2";
				VALIDATE_PRODUCT = YES;
			};
			name = Release;
		};
		B0C8DA7B1E4A89A400AC444A /* Debug */ = {
			isa = XCBuildConfiguration;
			buildSettings = {
				ASSETCATALOG_COMPILER_APPICON_NAME = AppIcon;
				INFOPLIST_FILE = MarioLand/Info.plist;
				LD_RUNPATH_SEARCH_PATHS = "$(inherited) @executable_path/Frameworks";
				PRODUCT_BUNDLE_IDENTIFIER = WSU.MarioLand;
				PRODUCT_NAME = "$(TARGET_NAME)";
				SWIFT_VERSION = 3.0;
			};
			name = Debug;
		};
		B0C8DA7C1E4A89A400AC444A /* Release */ = {
			isa = XCBuildConfiguration;
			buildSettings = {
				ASSETCATALOG_COMPILER_APPICON_NAME = AppIcon;
				INFOPLIST_FILE = MarioLand/Info.plist;
				LD_RUNPATH_SEARCH_PATHS = "$(inherited) @executable_path/Frameworks";
				PRODUCT_BUNDLE_IDENTIFIER = WSU.MarioLand;
				PRODUCT_NAME = "$(TARGET_NAME)";
				SWIFT_VERSION = 3.0;
			};
			name = Release;
		};
/* End XCBuildConfiguration section */

/* Begin XCConfigurationList section */
		B0C8DA631E4A89A400AC444A /* Build configuration list for PBXProject "MarioLand" */ = {
			isa = XCConfigurationList;
			buildConfigurations = (
				B0C8DA781E4A89A400AC444A /* Debug */,
				B0C8DA791E4A89A400AC444A /* Release */,
			);
			defaultConfigurationIsVisible = 0;
			defaultConfigurationName = Release;
		};
		B0C8DA7A1E4A89A400AC444A /* Build configuration list for PBXNativeTarget "MarioLand" */ = {
			isa = XCConfigurationList;
			buildConfigurations = (
				B0C8DA7B1E4A89A400AC444A /* Debug */,
				B0C8DA7C1E4A89A400AC444A /* Release */,
			);
			defaultConfigurationIsVisible = 0;
			defaultConfigurationName = Release;
		};
/* End XCConfigurationList section */
	};
	rootObject = B0C8DA601E4A89A400AC444A /* Project object */;
}
